
Microsoft Visual Studio Solution File, Format Version 12.00
# Visual Studio Version 17
VisualStudioVersion = 17.6.33829.357
MinimumVisualStudioVersion = 10.0.40219.1
Project("{8BC9CEB8-8B4A-11D0-8D11-00A0C91BC942}") = "FlightSim-IOCP", "FlightSim-IOCP\FlightSim-IOCP.vcxproj", "{52E7BBE7-61FD-4293-BDFC-889B11A5A411}"
EndProject
Project("{8BC9CEB8-8B4A-11D0-8D11-00A0C91BC942}") = "ServerCore", "ServerCore\ServerCore.vcxproj", "{1392BEC9-031F-48F5-9B38-7F7E0D0F1C5A}"
EndProject
Global
	GlobalSection(SolutionConfigurationPlatforms) = preSolution
		Debug|x64 = Debug|x64
		Debug|x86 = Debug|x86
		Release|x64 = Release|x64
		Release|x86 = Release|x86
	EndGlobalSection
	GlobalSection(ProjectConfigurationPlatforms) = postSolution
		{52E7BBE7-61FD-4293-BDFC-889B11A5A411}.Debug|x64.ActiveCfg = Debug|x64
		{52E7BBE7-61FD-4293-BDFC-889B11A5A411}.Debug|x64.Build.0 = Debug|x64
		{52E7BBE7-61FD-4293-BDFC-889B11A5A411}.Debug|x86.ActiveCfg = Debug|Win32
		{52E7BBE7-61FD-4293-BDFC-889B11A5A411}.Debug|x86.Build.0 = Debug|Win32
		{52E7BBE7-61FD-4293-BDFC-889B11A5A411}.Release|x64.ActiveCfg = Release|x64
		{52E7BBE7-61FD-4293-BDFC-889B11A5A411}.Release|x64.Build.0 = Release|x64
		{52E7BBE7-61FD-4293-BDFC-889B11A5A411}.Release|x86.ActiveCfg = Release|Win32
		{52E7BBE7-61FD-4293-BDFC-889B11A5A411}.Release|x86.Build.0 = Release|Win32
		{1392BEC9-031F-48F5-9B38-7F7E0D0F1C5A}.Debug|x64.ActiveCfg = Debug|x64
		{1392BEC9-031F-48F5-9B38-7F7E0D0F1C5A}.Debug|x64.Build.0 = Debug|x64
		{1392BEC9-031F-48F5-9B38-7F7E0D0F1C5A}.Debug|x86.ActiveCfg = Debug|Win32
		{1392BEC9-031F-48F5-9B38-7F7E0D0F1C5A}.Debug|x86.Build.0 = Debug|Win32
		{1392BEC9-031F-48F5-9B38-7F7E0D0F1C5A}.Release|x64.ActiveCfg = Release|x64
		{1392BEC9-031F-48F5-9B38-7F7E0D0F1C5A}.Release|x64.Build.0 = Release|x64
		{1392BEC9-031F-48F5-9B38-7F7E0D0F1C5A}.Release|x86.ActiveCfg = Release|Win32
		{1392BEC9-031F-48F5-9B38-7F7E0D0F1C5A}.Release|x86.Build.0 = Release|Win32
	EndGlobalSection
	GlobalSection(SolutionProperties) = preSolution
		HideSolutionNode = FALSE
	EndGlobalSection
	GlobalSection(ExtensibilityGlobals) = postSolution
		SolutionGuid = {597A153F-3A95-4510-B445-59051E8D333A}
	EndGlobalSection
EndGlobal
